// !$*UTF8*$!
{
	archiveVersion = 1;
	classes = {
	};
	objectVersion = 46;
	objects = {

/* Begin PBXBuildFile section */
		778A5C681AEEFE3700B54B88 /* AppDelegate.swift in Sources */ = {isa = PBXBuildFile; fileRef = 778A5C671AEEFE3700B54B88 /* AppDelegate.swift */; };
		778A5C6A1AEEFE3700B54B88 /* Images.xcassets in Resources */ = {isa = PBXBuildFile; fileRef = 778A5C691AEEFE3700B54B88 /* Images.xcassets */; };
		778A5C6D1AEEFE3700B54B88 /* MainMenu.xib in Resources */ = {isa = PBXBuildFile; fileRef = 778A5C6B1AEEFE3700B54B88 /* MainMenu.xib */; };
		778A5C791AEEFE3800B54B88 /* ScaryBugsMacTests.swift in Sources */ = {isa = PBXBuildFile; fileRef = 778A5C781AEEFE3800B54B88 /* ScaryBugsMacTests.swift */; };
		778A5C841AEEFF2000B54B88 /* MasterViewController.swift in Sources */ = {isa = PBXBuildFile; fileRef = 778A5C821AEEFF2000B54B88 /* MasterViewController.swift */; };
		778A5C851AEEFF2000B54B88 /* MasterViewController.xib in Resources */ = {isa = PBXBuildFile; fileRef = 778A5C831AEEFF2000B54B88 /* MasterViewController.xib */; };
/* End PBXBuildFile section */

/* Begin PBXContainerItemProxy section */
		778A5C731AEEFE3800B54B88 /* PBXContainerItemProxy */ = {
			isa = PBXContainerItemProxy;
			containerPortal = 778A5C5A1AEEFE3700B54B88 /* Project object */;
			proxyType = 1;
			remoteGlobalIDString = 778A5C611AEEFE3700B54B88;
			remoteInfo = ScaryBugsMac;
		};
/* End PBXContainerItemProxy section */

/* Begin PBXFileReference section */
		778A5C621AEEFE3700B54B88 /* ScaryBugsMac.app */ = {isa = PBXFileReference; explicitFileType = wrapper.application; includeInIndex = 0; path = ScaryBugsMac.app; sourceTree = BUILT_PRODUCTS_DIR; };
		778A5C661AEEFE3700B54B88 /* Info.plist */ = {isa = PBXFileReference; lastKnownFileType = text.plist.xml; path = Info.plist; sourceTree = "<group>"; };
		778A5C671AEEFE3700B54B88 /* AppDelegate.swift */ = {isa = PBXFileReference; lastKnownFileType = sourcecode.swift; path = AppDelegate.swift; sourceTree = "<group>"; };
		778A5C691AEEFE3700B54B88 /* Images.xcassets */ = {isa = PBXFileReference; lastKnownFileType = folder.assetcatalog; path = Images.xcassets; sourceTree = "<group>"; };
		778A5C6C1AEEFE3700B54B88 /* Base */ = {isa = PBXFileReference; lastKnownFileType = file.xib; name = Base; path = Base.lproj/MainMenu.xib; sourceTree = "<group>"; };
		778A5C721AEEFE3800B54B88 /* ScaryBugsMacTests.xctest */ = {isa = PBXFileReference; explicitFileType = wrapper.cfbundle; includeInIndex = 0; path = ScaryBugsMacTests.xctest; sourceTree = BUILT_PRODUCTS_DIR; };
		778A5C771AEEFE3800B54B88 /* Info.plist */ = {isa = PBXFileReference; lastKnownFileType = text.plist.xml; path = Info.plist; sourceTree = "<group>"; };
		778A5C781AEEFE3800B54B88 /* ScaryBugsMacTests.swift */ = {isa = PBXFileReference; lastKnownFileType = sourcecode.swift; path = ScaryBugsMacTests.swift; sourceTree = "<group>"; };
		778A5C821AEEFF2000B54B88 /* MasterViewController.swift */ = {isa = PBXFileReference; fileEncoding = 4; lastKnownFileType = sourcecode.swift; path = MasterViewController.swift; sourceTree = "<group>"; };
		778A5C831AEEFF2000B54B88 /* MasterViewController.xib */ = {isa = PBXFileReference; fileEncoding = 4; lastKnownFileType = file.xib; path = MasterViewController.xib; sourceTree = "<group>"; };
/* End PBXFileReference section */

/* Begin PBXFrameworksBuildPhase section */
		778A5C5F1AEEFE3700B54B88 /* Frameworks */ = {
			isa = PBXFrameworksBuildPhase;
			buildActionMask = 2147483647;
			files = (
			);
			runOnlyForDeploymentPostprocessing = 0;
		};
		778A5C6F1AEEFE3800B54B88 /* Frameworks */ = {
			isa = PBXFrameworksBuildPhase;
			buildActionMask = 2147483647;
			files = (
			);
			runOnlyForDeploymentPostprocessing = 0;
		};
/* End PBXFrameworksBuildPhase section */

/* Begin PBXGroup section */
		778A5C591AEEFE3700B54B88 = {
			isa = PBXGroup;
			children = (
				778A5C641AEEFE3700B54B88 /* ScaryBugsMac */,
				778A5C751AEEFE3800B54B88 /* ScaryBugsMacTests */,
				778A5C631AEEFE3700B54B88 /* Products */,
			);
			sourceTree = "<group>";
		};
		778A5C631AEEFE3700B54B88 /* Products */ = {
			isa = PBXGroup;
			children = (
				778A5C621AEEFE3700B54B88 /* ScaryBugsMac.app */,
				778A5C721AEEFE3800B54B88 /* ScaryBugsMacTests.xctest */,
			);
			name = Products;
			sourceTree = "<group>";
		};
		778A5C641AEEFE3700B54B88 /* ScaryBugsMac */ = {
			isa = PBXGroup;
			children = (
				778A5C671AEEFE3700B54B88 /* AppDelegate.swift */,
				778A5C691AEEFE3700B54B88 /* Images.xcassets */,
				778A5C6B1AEEFE3700B54B88 /* MainMenu.xib */,
				778A5C651AEEFE3700B54B88 /* Supporting Files */,
				778A5C821AEEFF2000B54B88 /* MasterViewController.swift */,
				778A5C831AEEFF2000B54B88 /* MasterViewController.xib */,
			);
			path = ScaryBugsMac;
			sourceTree = "<group>";
		};
		778A5C651AEEFE3700B54B88 /* Supporting Files */ = {
			isa = PBXGroup;
			children = (
				778A5C661AEEFE3700B54B88 /* Info.plist */,
			);
			name = "Supporting Files";
			sourceTree = "<group>";
		};
		778A5C751AEEFE3800B54B88 /* ScaryBugsMacTests */ = {
			isa = PBXGroup;
			children = (
				778A5C781AEEFE3800B54B88 /* ScaryBugsMacTests.swift */,
				778A5C761AEEFE3800B54B88 /* Supporting Files */,
			);
			path = ScaryBugsMacTests;
			sourceTree = "<group>";
		};
		778A5C761AEEFE3800B54B88 /* Supporting Files */ = {
			isa = PBXGroup;
			children = (
				778A5C771AEEFE3800B54B88 /* Info.plist */,
			);
			name = "Supporting Files";
			sourceTree = "<group>";
		};
/* End PBXGroup section */

/* Begin PBXNativeTarget section */
		778A5C611AEEFE3700B54B88 /* ScaryBugsMac */ = {
			isa = PBXNativeTarget;
			buildConfigurationList = 778A5C7C1AEEFE3800B54B88 /* Build configuration list for PBXNativeTarget "ScaryBugsMac" */;
			buildPhases = (
				778A5C5E1AEEFE3700B54B88 /* Sources */,
				778A5C5F1AEEFE3700B54B88 /* Frameworks */,
				778A5C601AEEFE3700B54B88 /* Resources */,
			);
			buildRules = (
			);
			dependencies = (
			);
			name = ScaryBugsMac;
			productName = ScaryBugsMac;
			productReference = 778A5C621AEEFE3700B54B88 /* ScaryBugsMac.app */;
			productType = "com.apple.product-type.application";
		};
		778A5C711AEEFE3800B54B88 /* ScaryBugsMacTests */ = {
			isa = PBXNativeTarget;
			buildConfigurationList = 778A5C7F1AEEFE3800B54B88 /* Build configuration list for PBXNativeTarget "ScaryBugsMacTests" */;
			buildPhases = (
				778A5C6E1AEEFE3800B54B88 /* Sources */,
				778A5C6F1AEEFE3800B54B88 /* Frameworks */,
				778A5C701AEEFE3800B54B88 /* Resources */,
			);
			buildRules = (
			);
			dependencies = (
				778A5C741AEEFE3800B54B88 /* PBXTargetDependency */,
			);
			name = ScaryBugsMacTests;
			productName = ScaryBugsMacTests;
			productReference = 778A5C721AEEFE3800B54B88 /* ScaryBugsMacTests.xctest */;
			productType = "com.apple.product-type.bundle.unit-test";
		};
/* End PBXNativeTarget section */

/* Begin PBXProject section */
		778A5C5A1AEEFE3700B54B88 /* Project object */ = {
			isa = PBXProject;
			attributes = {
				LastUpgradeCheck = 0630;
				ORGANIZATIONNAME = isuka.org;
				TargetAttributes = {
					778A5C611AEEFE3700B54B88 = {
						CreatedOnToolsVersion = 6.3.1;
					};
					778A5C711AEEFE3800B54B88 = {
						CreatedOnToolsVersion = 6.3.1;
						TestTargetID = 778A5C611AEEFE3700B54B88;
					};
				};
			};
			buildConfigurationList = 778A5C5D1AEEFE3700B54B88 /* Build configuration list for PBXProject "ScaryBugsMac" */;
			compatibilityVersion = "Xcode 3.2";
			developmentRegion = English;
			hasScannedForEncodings = 0;
			knownRegions = (
				en,
				Base,
			);
			mainGroup = 778A5C591AEEFE3700B54B88;
			productRefGroup = 778A5C631AEEFE3700B54B88 /* Products */;
			projectDirPath = "";
			projectRoot = "";
			targets = (
				778A5C611AEEFE3700B54B88 /* ScaryBugsMac */,
				778A5C711AEEFE3800B54B88 /* ScaryBugsMacTests */,
			);
		};
/* End PBXProject section */

/* Begin PBXResourcesBuildPhase section */
		778A5C601AEEFE3700B54B88 /* Resources */ = {
			isa = PBXResourcesBuildPhase;
			buildActionMask = 2147483647;
			files = (
				778A5C6A1AEEFE3700B54B88 /* Images.xcassets in Resources */,
				778A5C6D1AEEFE3700B54B88 /* MainMenu.xib in Resources */,
				778A5C851AEEFF2000B54B88 /* MasterViewController.xib in Resources */,
			);
			runOnlyForDeploymentPostprocessing = 0;
		};
		778A5C701AEEFE3800B54B88 /* Resources */ = {
			isa = PBXResourcesBuildPhase;
			buildActionMask = 2147483647;
			files = (
			);
			runOnlyForDeploymentPostprocessing = 0;
		};
/* End PBXResourcesBuildPhase section */

/* Begin PBXSourcesBuildPhase section */
		778A5C5E1AEEFE3700B54B88 /* Sources */ = {
			isa = PBXSourcesBuildPhase;
			buildActionMask = 2147483647;
			files = (
				778A5C841AEEFF2000B54B88 /* MasterViewController.swift in Sources */,
				778A5C681AEEFE3700B54B88 /* AppDelegate.swift in Sources */,
			);
			runOnlyForDeploymentPostprocessing = 0;
		};
		778A5C6E1AEEFE3800B54B88 /* Sources */ = {
			isa = PBXSourcesBuildPhase;
			buildActionMask = 2147483647;
			files = (
				778A5C791AEEFE3800B54B88 /* ScaryBugsMacTests.swift in Sources */,
			);
			runOnlyForDeploymentPostprocessing = 0;
		};
/* End PBXSourcesBuildPhase section */

/* Begin PBXTargetDependency section */
		778A5C741AEEFE3800B54B88 /* PBXTargetDependency */ = {
			isa = PBXTargetDependency;
			target = 778A5C611AEEFE3700B54B88 /* ScaryBugsMac */;
			targetProxy = 778A5C731AEEFE3800B54B88 /* PBXContainerItemProxy */;
		};
/* End PBXTargetDependency section */

/* Begin PBXVariantGroup section */
		778A5C6B1AEEFE3700B54B88 /* MainMenu.xib */ = {
			isa = PBXVariantGroup;
			children = (
				778A5C6C1AEEFE3700B54B88 /* Base */,
			);
			name = MainMenu.xib;
			sourceTree = "<group>";
		};
/* End PBXVariantGroup section */

/* Begin XCBuildConfiguration section */
		778A5C7A1AEEFE3800B54B88 /* Debug */ = {
			isa = XCBuildConfiguration;
			buildSettings = {
				ALWAYS_SEARCH_USER_PATHS = NO;
				CLANG_CXX_LANGUAGE_STANDARD = "gnu++0x";
				CLANG_CXX_LIBRARY = "libc++";
				CLANG_ENABLE_MODULES = YES;
				CLANG_ENABLE_OBJC_ARC = YES;
				CLANG_WARN_BOOL_CONVERSION = YES;
				CLANG_WARN_CONSTANT_CONVERSION = YES;
				CLANG_WARN_DIRECT_OBJC_ISA_USAGE = YES_ERROR;
				CLANG_WARN_EMPTY_BODY = YES;
				CLANG_WARN_ENUM_CONVERSION = YES;
				CLANG_WARN_INT_CONVERSION = YES;
				CLANG_WARN_OBJC_ROOT_CLASS = YES_ERROR;
				CLANG_WARN_UNREACHABLE_CODE = YES;
				CLANG_WARN__DUPLICATE_METHOD_MATCH = YES;
				CODE_SIGN_IDENTITY = "-";
				COPY_PHASE_STRIP = NO;
				DEBUG_INFORMATION_FORMAT = dwarf;
				ENABLE_STRICT_OBJC_MSGSEND = YES;
				GCC_C_LANGUAGE_STANDARD = gnu99;
				GCC_DYNAMIC_NO_PIC = NO;
				GCC_NO_COMMON_BLOCKS = YES;
				GCC_OPTIMIZATION_LEVEL = 0;
				GCC_PREPROCESSOR_DEFINITIONS = (
					"DEBUG=1",
					"$(inherited)",
				);
				GCC_SYMBOLS_PRIVATE_EXTERN = NO;
				GCC_WARN_64_TO_32_BIT_CONVERSION = YES;
				GCC_WARN_ABOUT_RETURN_TYPE = YES_ERROR;
				GCC_WARN_UNDECLARED_SELECTOR = YES;
				GCC_WARN_UNINITIALIZED_AUTOS = YES_AGGRESSIVE;
				GCC_WARN_UNUSED_FUNCTION = YES;
				GCC_WARN_UNUSED_VARIABLE = YES;
				MACOSX_DEPLOYMENT_TARGET = 10.10;
				MTL_ENABLE_DEBUG_INFO = YES;
				ONLY_ACTIVE_ARCH = YES;
				SDKROOT = macosx;
				SWIFT_OPTIMIZATION_LEVEL = "-Onone";
			};
			name = Debug;
		};
		778A5C7B1AEEFE3800B54B88 /* Release */ = {
			isa = XCBuildConfiguration;
			buildSettings = {
				ALWAYS_SEARCH_USER_PATHS = NO;
				CLANG_CXX_LANGUAGE_STANDARD = "gnu++0x";
				CLANG_CXX_LIBRARY = "libc++";
				CLANG_ENABLE_MODULES = YES;
				CLANG_ENABLE_OBJC_ARC = YES;
				CLANG_WARN_BOOL_CONVERSION = YES;
				CLANG_WARN_CONSTANT_CONVERSION = YES;
				CLANG_WARN_DIRECT_OBJC_ISA_USAGE = YES_ERROR;
				CLANG_WARN_EMPTY_BODY = YES;
				CLANG_WARN_ENUM_CONVERSION = YES;
				CLANG_WARN_INT_CONVERSION = YES;
				CLANG_WARN_OBJC_ROOT_CLASS = YES_ERROR;
				CLANG_WARN_UNREACHABLE_CODE = YES;
				CLANG_WARN__DUPLICATE_METHOD_MATCH = YES;
				CODE_SIGN_IDENTITY = "-";
				COPY_PHASE_STRIP = NO;
				DEBUG_INFORMATION_FORMAT = "dwarf-with-dsym";
				ENABLE_NS_ASSERTIONS = NO;
				ENABLE_STRICT_OBJC_MSGSEND = YES;
				GCC_C_LANGUAGE_STANDARD = gnu99;
				GCC_NO_COMMON_BLOCKS = YES;
				GCC_WARN_64_TO_32_BIT_CONVERSION = YES;
				GCC_WARN_ABOUT_RETURN_TYPE = YES_ERROR;
				GCC_WARN_UNDECLARED_SELECTOR = YES;
				GCC_WARN_UNINITIALIZED_AUTOS = YES_AGGRESSIVE;
				GCC_WARN_UNUSED_FUNCTION = YES;
				GCC_WARN_UNUSED_VARIABLE = YES;
				MACOSX_DEPLOYMENT_TARGET = 10.10;
				MTL_ENABLE_DEBUG_INFO = NO;
				SDKROOT = macosx;
			};
			name = Release;
		};
		778A5C7D1AEEFE3800B54B88 /* Debug */ = {
			isa = XCBuildConfiguration;
			buildSettings = {
				ASSETCATALOG_COMPILER_APPICON_NAME = AppIcon;
				COMBINE_HIDPI_IMAGES = YES;
				INFOPLIST_FILE = ScaryBugsMac/Info.plist;
				LD_RUNPATH_SEARCH_PATHS = "$(inherited) @executable_path/../Frameworks";
				PRODUCT_NAME = "$(TARGET_NAME)";
			};
			name = Debug;
		};
		778A5C7E1AEEFE3800B54B88 /* Release */ = {
			isa = XCBuildConfiguration;
			buildSettings = {
				ASSETCATALOG_COMPILER_APPICON_NAME = AppIcon;
				COMBINE_HIDPI_IMAGES = YES;
				INFOPLIST_FILE = ScaryBugsMac/Info.plist;
				LD_RUNPATH_SEARCH_PATHS = "$(inherited) @executable_path/../Frameworks";
				PRODUCT_NAME = "$(TARGET_NAME)";
			};
			name = Release;
		};
		778A5C801AEEFE3800B54B88 /* Debug */ = {
			isa = XCBuildConfiguration;
			buildSettings = {
				BUNDLE_LOADER = "$(TEST_HOST)";
				COMBINE_HIDPI_IMAGES = YES;
				FRAMEWORK_SEARCH_PATHS = (
					"$(DEVELOPER_FRAMEWORKS_DIR)",
					"$(inherited)",
				);
				GCC_PREPROCESSOR_DEFINITIONS = (
					"DEBUG=1",
					"$(inherited)",
				);
				INFOPLIST_FILE = ScaryBugsMacTests/Info.plist;
				LD_RUNPATH_SEARCH_PATHS = "$(inherited) @executable_path/../Frameworks @loader_path/../Frameworks";
				PRODUCT_NAME = "$(TARGET_NAME)";
				TEST_HOST = "$(BUILT_PRODUCTS_DIR)/ScaryBugsMac.app/Contents/MacOS/ScaryBugsMac";
			};
			name = Debug;
		};
		778A5C811AEEFE3800B54B88 /* Release */ = {
			isa = XCBuildConfiguration;
			buildSettings = {
				BUNDLE_LOADER = "$(TEST_HOST)";
				COMBINE_HIDPI_IMAGES = YES;
				FRAMEWORK_SEARCH_PATHS = (
					"$(DEVELOPER_FRAMEWORKS_DIR)",
					"$(inherited)",
				);
				INFOPLIST_FILE = ScaryBugsMacTests/Info.plist;
				LD_RUNPATH_SEARCH_PATHS = "$(inherited) @executable_path/../Frameworks @loader_path/../Frameworks";
				PRODUCT_NAME = "$(TARGET_NAME)";
				TEST_HOST = "$(BUILT_PRODUCTS_DIR)/ScaryBugsMac.app/Contents/MacOS/ScaryBugsMac";
			};
			name = Release;
		};
/* End XCBuildConfiguration section */

/* Begin XCConfigurationList section */
		778A5C5D1AEEFE3700B54B88 /* Build configuration list for PBXProject "ScaryBugsMac" */ = {
			isa = XCConfigurationList;
			buildConfigurations = (
				778A5C7A1AEEFE3800B54B88 /* Debug */,
				778A5C7B1AEEFE3800B54B88 /* Release */,
			);
			defaultConfigurationIsVisible = 0;
			defaultConfigurationName = Release;
		};
		778A5C7C1AEEFE3800B54B88 /* Build configuration list for PBXNativeTarget "ScaryBugsMac" */ = {
			isa = XCConfigurationList;
			buildConfigurations = (
				778A5C7D1AEEFE3800B54B88 /* Debug */,
				778A5C7E1AEEFE3800B54B88 /* Release */,
			);
			defaultConfigurationIsVisible = 0;
		};
		778A5C7F1AEEFE3800B54B88 /* Build configuration list for PBXNativeTarget "ScaryBugsMacTests" */ = {
			isa = XCConfigurationList;
			buildConfigurations = (
				778A5C801AEEFE3800B54B88 /* Debug */,
				778A5C811AEEFE3800B54B88 /* Release */,
			);
			defaultConfigurationIsVisible = 0;
		};
/* End XCConfigurationList section */
	};
	rootObject = 778A5C5A1AEEFE3700B54B88 /* Project object */;
}
